
Microsoft Visual Studio Solution File, Format Version 12.00
# Visual Studio Version 17
VisualStudioVersion = 17.13.35931.197
MinimumVisualStudioVersion = 10.0.40219.1
Project("{FAE04EC0-301F-11D3-BF4B-00C04F79EFBC}") = "Sommite.Frameworks", "Sommite.Frameworks\Sommite.Frameworks.csproj", "{42F04F69-63E7-48CE-A1DE-152D9D04147A}"
EndProject
Project("{FAE04EC0-301F-11D3-BF4B-00C04F79EFBC}") = "Sommite.Extensions", "Sommite.Extensions\Sommite.Extensions.csproj", "{CF881528-5FAB-4F5B-B1FB-A15391339212}"
EndProject
Global
	GlobalSection(SolutionConfigurationPlatforms) = preSolution
		Debug|Any CPU = Debug|Any CPU
		Release|Any CPU = Release|Any CPU
	EndGlobalSection
	GlobalSection(ProjectConfigurationPlatforms) = postSolution
		{42F04F69-63E7-48CE-A1DE-152D9D04147A}.Debug|Any CPU.ActiveCfg = Debug|Any CPU
		{42F04F69-63E7-48CE-A1DE-152D9D04147A}.Debug|Any CPU.Build.0 = Debug|Any CPU
		{42F04F69-63E7-48CE-A1DE-152D9D04147A}.Release|Any CPU.ActiveCfg = Release|Any CPU
		{42F04F69-63E7-48CE-A1DE-152D9D04147A}.Release|Any CPU.Build.0 = Release|Any CPU
		{CF881528-5FAB-4F5B-B1FB-A15391339212}.Debug|Any CPU.ActiveCfg = Debug|Any CPU
		{CF881528-5FAB-4F5B-B1FB-A15391339212}.Debug|Any CPU.Build.0 = Debug|Any CPU
		{CF881528-5FAB-4F5B-B1FB-A15391339212}.Release|Any CPU.ActiveCfg = Release|Any CPU
		{CF881528-5FAB-4F5B-B1FB-A15391339212}.Release|Any CPU.Build.0 = Release|Any CPU
	EndGlobalSection
	GlobalSection(SolutionProperties) = preSolution
		HideSolutionNode = FALSE
	EndGlobalSection
	GlobalSection(ExtensibilityGlobals) = postSolution
		SolutionGuid = {167CBEF4-D90B-4BED-A45D-9BF3B530CA35}
	EndGlobalSection
EndGlobal
